
Microsoft Visual Studio Solution File, Format Version 12.00
# Visual Studio 15
VisualStudioVersion = 15.0.27004.2002
MinimumVisualStudioVersion = 10.0.40219.1
Project("{FAE04EC0-301F-11D3-BF4B-00C04F79EFBC}") = "API1", "API1\API1.csproj", "{5F81C9C5-5C30-4121-A6B3-349CCD061AFA}"
EndProject
Global
	GlobalSection(SolutionConfigurationPlatforms) = preSolution
		Debug|Any CPU = Debug|Any CPU
		Release|Any CPU = Release|Any CPU
	EndGlobalSection
	GlobalSection(ProjectConfigurationPlatforms) = postSolution
		{5F81C9C5-5C30-4121-A6B3-349CCD061AFA}.Debug|Any CPU.ActiveCfg = Debug|Any CPU
		{5F81C9C5-5C30-4121-A6B3-349CCD061AFA}.Debug|Any CPU.Build.0 = Debug|Any CPU
		{5F81C9C5-5C30-4121-A6B3-349CCD061AFA}.Release|Any CPU.ActiveCfg = Release|Any CPU
		{5F81C9C5-5C30-4121-A6B3-349CCD061AFA}.Release|Any CPU.Build.0 = Release|Any CPU
	EndGlobalSection
	GlobalSection(SolutionProperties) = preSolution
		HideSolutionNode = FALSE
	EndGlobalSection
	GlobalSection(ExtensibilityGlobals) = postSolution
		SolutionGuid = {18FCAFB1-2B17-49F7-A318-EAC7811CBCA7}
	EndGlobalSection
EndGlobal
